
Microsoft Visual Studio Solution File, Format Version 12.00
# Visual Studio 15
VisualStudioVersion = 15.0.28307.168
MinimumVisualStudioVersion = 10.0.40219.1
Project("{9A19103F-16F7-4668-BE54-9A1E7A4F7556}") = "ConsoleApp1", "ConsoleApp1\ConsoleApp1.csproj", "{186C3F9A-F837-4022-9267-9E0BF5FA0E37}"
EndProject
Project("{FAE04EC0-301F-11D3-BF4B-00C04F79EFBC}") = "NUnitTestProject1", "NUnitTestProject1\NUnitTestProject1.csproj", "{A9A16EDA-4D8F-473E-95E2-2979DD0C8CE5}"
EndProject
Global
	GlobalSection(SolutionConfigurationPlatforms) = preSolution
		Debug|Any CPU = Debug|Any CPU
		Release|Any CPU = Release|Any CPU
	EndGlobalSection
	GlobalSection(ProjectConfigurationPlatforms) = postSolution
		{186C3F9A-F837-4022-9267-9E0BF5FA0E37}.Debug|Any CPU.ActiveCfg = Debug|Any CPU
		{186C3F9A-F837-4022-9267-9E0BF5FA0E37}.Debug|Any CPU.Build.0 = Debug|Any CPU
		{186C3F9A-F837-4022-9267-9E0BF5FA0E37}.Release|Any CPU.ActiveCfg = Release|Any CPU
		{186C3F9A-F837-4022-9267-9E0BF5FA0E37}.Release|Any CPU.Build.0 = Release|Any CPU
		{A9A16EDA-4D8F-473E-95E2-2979DD0C8CE5}.Debug|Any CPU.ActiveCfg = Debug|Any CPU
		{A9A16EDA-4D8F-473E-95E2-2979DD0C8CE5}.Debug|Any CPU.Build.0 = Debug|Any CPU
		{A9A16EDA-4D8F-473E-95E2-2979DD0C8CE5}.Release|Any CPU.ActiveCfg = Release|Any CPU
		{A9A16EDA-4D8F-473E-95E2-2979DD0C8CE5}.Release|Any CPU.Build.0 = Release|Any CPU
	EndGlobalSection
	GlobalSection(SolutionProperties) = preSolution
		HideSolutionNode = FALSE
	EndGlobalSection
	GlobalSection(ExtensibilityGlobals) = postSolution
		SolutionGuid = {546DF904-402D-42E9-9DD4-1C2942AF6A19}
	EndGlobalSection
EndGlobal
